// !$*UTF8*$!
{
	archiveVersion = 1;
	classes = {
	};
	objectVersion = 56;
	objects = {

/* Begin PBXBuildFile section */
		EAE5CB472B69B9C7009B2F6B /* NoteTaker_tdd3App.swift in Sources */ = {isa = PBXBuildFile; fileRef = EAE5CB462B69B9C7009B2F6B /* NoteTaker_tdd3App.swift */; };
		EAE5CB492B69B9C7009B2F6B /* ContentView.swift in Sources */ = {isa = PBXBuildFile; fileRef = EAE5CB482B69B9C7009B2F6B /* ContentView.swift */; };
		EAE5CB4B2B69B9C8009B2F6B /* Assets.xcassets in Resources */ = {isa = PBXBuildFile; fileRef = EAE5CB4A2B69B9C8009B2F6B /* Assets.xcassets */; };
		EAE5CB4E2B69B9C8009B2F6B /* Preview Assets.xcassets in Resources */ = {isa = PBXBuildFile; fileRef = EAE5CB4D2B69B9C8009B2F6B /* Preview Assets.xcassets */; };
		EAE5CB582B69B9C8009B2F6B /* NoteTaker_tdd3Tests.swift in Sources */ = {isa = PBXBuildFile; fileRef = EAE5CB572B69B9C8009B2F6B /* NoteTaker_tdd3Tests.swift */; };
		EAE5CB622B69B9C8009B2F6B /* NoteTaker_tdd3UITests.swift in Sources */ = {isa = PBXBuildFile; fileRef = EAE5CB612B69B9C8009B2F6B /* NoteTaker_tdd3UITests.swift */; };
		EAE5CB642B69B9C8009B2F6B /* NoteTaker_tdd3UITestsLaunchTests.swift in Sources */ = {isa = PBXBuildFile; fileRef = EAE5CB632B69B9C8009B2F6B /* NoteTaker_tdd3UITestsLaunchTests.swift */; };
/* End PBXBuildFile section */

/* Begin PBXContainerItemProxy section */
		EAE5CB542B69B9C8009B2F6B /* PBXContainerItemProxy */ = {
			isa = PBXContainerItemProxy;
			containerPortal = EAE5CB3B2B69B9C7009B2F6B /* Project object */;
			proxyType = 1;
			remoteGlobalIDString = EAE5CB422B69B9C7009B2F6B;
			remoteInfo = "NoteTaker tdd3";
		};
		EAE5CB5E2B69B9C8009B2F6B /* PBXContainerItemProxy */ = {
			isa = PBXContainerItemProxy;
			containerPortal = EAE5CB3B2B69B9C7009B2F6B /* Project object */;
			proxyType = 1;
			remoteGlobalIDString = EAE5CB422B69B9C7009B2F6B;
			remoteInfo = "NoteTaker tdd3";
		};
/* End PBXContainerItemProxy section */

/* Begin PBXFileReference section */
		EAE5CB432B69B9C7009B2F6B /* NoteTaker tdd3.app */ = {isa = PBXFileReference; explicitFileType = wrapper.application; includeInIndex = 0; path = "NoteTaker tdd3.app"; sourceTree = BUILT_PRODUCTS_DIR; };
		EAE5CB462B69B9C7009B2F6B /* NoteTaker_tdd3App.swift */ = {isa = PBXFileReference; lastKnownFileType = sourcecode.swift; path = NoteTaker_tdd3App.swift; sourceTree = "<group>"; };
		EAE5CB482B69B9C7009B2F6B /* ContentView.swift */ = {isa = PBXFileReference; lastKnownFileType = sourcecode.swift; path = ContentView.swift; sourceTree = "<group>"; };
		EAE5CB4A2B69B9C8009B2F6B /* Assets.xcassets */ = {isa = PBXFileReference; lastKnownFileType = folder.assetcatalog; path = Assets.xcassets; sourceTree = "<group>"; };
		EAE5CB4D2B69B9C8009B2F6B /* Preview Assets.xcassets */ = {isa = PBXFileReference; lastKnownFileType = folder.assetcatalog; path = "Preview Assets.xcassets"; sourceTree = "<group>"; };
		EAE5CB532B69B9C8009B2F6B /* NoteTaker tdd3Tests.xctest */ = {isa = PBXFileReference; explicitFileType = wrapper.cfbundle; includeInIndex = 0; path = "NoteTaker tdd3Tests.xctest"; sourceTree = BUILT_PRODUCTS_DIR; };
		EAE5CB572B69B9C8009B2F6B /* NoteTaker_tdd3Tests.swift */ = {isa = PBXFileReference; lastKnownFileType = sourcecode.swift; path = NoteTaker_tdd3Tests.swift; sourceTree = "<group>"; };
		EAE5CB5D2B69B9C8009B2F6B /* NoteTaker tdd3UITests.xctest */ = {isa = PBXFileReference; explicitFileType = wrapper.cfbundle; includeInIndex = 0; path = "NoteTaker tdd3UITests.xctest"; sourceTree = BUILT_PRODUCTS_DIR; };
		EAE5CB612B69B9C8009B2F6B /* NoteTaker_tdd3UITests.swift */ = {isa = PBXFileReference; lastKnownFileType = sourcecode.swift; path = NoteTaker_tdd3UITests.swift; sourceTree = "<group>"; };
		EAE5CB632B69B9C8009B2F6B /* NoteTaker_tdd3UITestsLaunchTests.swift */ = {isa = PBXFileReference; lastKnownFileType = sourcecode.swift; path = NoteTaker_tdd3UITestsLaunchTests.swift; sourceTree = "<group>"; };
/* End PBXFileReference section */

/* Begin PBXFrameworksBuildPhase section */
		EAE5CB402B69B9C7009B2F6B /* Frameworks */ = {
			isa = PBXFrameworksBuildPhase;
			buildActionMask = 2147483647;
			files = (
			);
			runOnlyForDeploymentPostprocessing = 0;
		};
		EAE5CB502B69B9C8009B2F6B /* Frameworks */ = {
			isa = PBXFrameworksBuildPhase;
			buildActionMask = 2147483647;
			files = (
			);
			runOnlyForDeploymentPostprocessing = 0;
		};
		EAE5CB5A2B69B9C8009B2F6B /* Frameworks */ = {
			isa = PBXFrameworksBuildPhase;
			buildActionMask = 2147483647;
			files = (
			);
			runOnlyForDeploymentPostprocessing = 0;
		};
/* End PBXFrameworksBuildPhase section */

/* Begin PBXGroup section */
		EAE5CB3A2B69B9C7009B2F6B = {
			isa = PBXGroup;
			children = (
				EAE5CB452B69B9C7009B2F6B /* NoteTaker tdd3 */,
				EAE5CB562B69B9C8009B2F6B /* NoteTaker tdd3Tests */,
				EAE5CB602B69B9C8009B2F6B /* NoteTaker tdd3UITests */,
				EAE5CB442B69B9C7009B2F6B /* Products */,
			);
			sourceTree = "<group>";
		};
		EAE5CB442B69B9C7009B2F6B /* Products */ = {
			isa = PBXGroup;
			children = (
				EAE5CB432B69B9C7009B2F6B /* NoteTaker tdd3.app */,
				EAE5CB532B69B9C8009B2F6B /* NoteTaker tdd3Tests.xctest */,
				EAE5CB5D2B69B9C8009B2F6B /* NoteTaker tdd3UITests.xctest */,
			);
			name = Products;
			sourceTree = "<group>";
		};
		EAE5CB452B69B9C7009B2F6B /* NoteTaker tdd3 */ = {
			isa = PBXGroup;
			children = (
				EAE5CB462B69B9C7009B2F6B /* NoteTaker_tdd3App.swift */,
				EAE5CB482B69B9C7009B2F6B /* ContentView.swift */,
				EAE5CB4A2B69B9C8009B2F6B /* Assets.xcassets */,
				EAE5CB4C2B69B9C8009B2F6B /* Preview Content */,
			);
			path = "NoteTaker tdd3";
			sourceTree = "<group>";
		};
		EAE5CB4C2B69B9C8009B2F6B /* Preview Content */ = {
			isa = PBXGroup;
			children = (
				EAE5CB4D2B69B9C8009B2F6B /* Preview Assets.xcassets */,
			);
			path = "Preview Content";
			sourceTree = "<group>";
		};
		EAE5CB562B69B9C8009B2F6B /* NoteTaker tdd3Tests */ = {
			isa = PBXGroup;
			children = (
				EAE5CB572B69B9C8009B2F6B /* NoteTaker_tdd3Tests.swift */,
			);
			path = "NoteTaker tdd3Tests";
			sourceTree = "<group>";
		};
		EAE5CB602B69B9C8009B2F6B /* NoteTaker tdd3UITests */ = {
			isa = PBXGroup;
			children = (
				EAE5CB612B69B9C8009B2F6B /* NoteTaker_tdd3UITests.swift */,
				EAE5CB632B69B9C8009B2F6B /* NoteTaker_tdd3UITestsLaunchTests.swift */,
			);
			path = "NoteTaker tdd3UITests";
			sourceTree = "<group>";
		};
/* End PBXGroup section */

/* Begin PBXNativeTarget section */
		EAE5CB422B69B9C7009B2F6B /* NoteTaker tdd3 */ = {
			isa = PBXNativeTarget;
			buildConfigurationList = EAE5CB672B69B9C8009B2F6B /* Build configuration list for PBXNativeTarget "NoteTaker tdd3" */;
			buildPhases = (
				EAE5CB3F2B69B9C7009B2F6B /* Sources */,
				EAE5CB402B69B9C7009B2F6B /* Frameworks */,
				EAE5CB412B69B9C7009B2F6B /* Resources */,
			);
			buildRules = (
			);
			dependencies = (
			);
			name = "NoteTaker tdd3";
			productName = "NoteTaker tdd3";
			productReference = EAE5CB432B69B9C7009B2F6B /* NoteTaker tdd3.app */;
			productType = "com.apple.product-type.application";
		};
		EAE5CB522B69B9C8009B2F6B /* NoteTaker tdd3Tests */ = {
			isa = PBXNativeTarget;
			buildConfigurationList = EAE5CB6A2B69B9C8009B2F6B /* Build configuration list for PBXNativeTarget "NoteTaker tdd3Tests" */;
			buildPhases = (
				EAE5CB4F2B69B9C8009B2F6B /* Sources */,
				EAE5CB502B69B9C8009B2F6B /* Frameworks */,
				EAE5CB512B69B9C8009B2F6B /* Resources */,
			);
			buildRules = (
			);
			dependencies = (
				EAE5CB552B69B9C8009B2F6B /* PBXTargetDependency */,
			);
			name = "NoteTaker tdd3Tests";
			productName = "NoteTaker tdd3Tests";
			productReference = EAE5CB532B69B9C8009B2F6B /* NoteTaker tdd3Tests.xctest */;
			productType = "com.apple.product-type.bundle.unit-test";
		};
		EAE5CB5C2B69B9C8009B2F6B /* NoteTaker tdd3UITests */ = {
			isa = PBXNativeTarget;
			buildConfigurationList = EAE5CB6D2B69B9C8009B2F6B /* Build configuration list for PBXNativeTarget "NoteTaker tdd3UITests" */;
			buildPhases = (
				EAE5CB592B69B9C8009B2F6B /* Sources */,
				EAE5CB5A2B69B9C8009B2F6B /* Frameworks */,
				EAE5CB5B2B69B9C8009B2F6B /* Resources */,
			);
			buildRules = (
			);
			dependencies = (
				EAE5CB5F2B69B9C8009B2F6B /* PBXTargetDependency */,
			);
			name = "NoteTaker tdd3UITests";
			productName = "NoteTaker tdd3UITests";
			productReference = EAE5CB5D2B69B9C8009B2F6B /* NoteTaker tdd3UITests.xctest */;
			productType = "com.apple.product-type.bundle.ui-testing";
		};
/* End PBXNativeTarget section */

/* Begin PBXProject section */
		EAE5CB3B2B69B9C7009B2F6B /* Project object */ = {
			isa = PBXProject;
			attributes = {
				BuildIndependentTargetsInParallel = 1;
				LastSwiftUpdateCheck = 1500;
				LastUpgradeCheck = 1500;
				TargetAttributes = {
					EAE5CB422B69B9C7009B2F6B = {
						CreatedOnToolsVersion = 15.0.1;
					};
					EAE5CB522B69B9C8009B2F6B = {
						CreatedOnToolsVersion = 15.0.1;
						TestTargetID = EAE5CB422B69B9C7009B2F6B;
					};
					EAE5CB5C2B69B9C8009B2F6B = {
						CreatedOnToolsVersion = 15.0.1;
						TestTargetID = EAE5CB422B69B9C7009B2F6B;
					};
				};
			};
			buildConfigurationList = EAE5CB3E2B69B9C7009B2F6B /* Build configuration list for PBXProject "NoteTaker tdd3" */;
			compatibilityVersion = "Xcode 14.0";
			developmentRegion = en;
			hasScannedForEncodings = 0;
			knownRegions = (
				en,
				Base,
			);
			mainGroup = EAE5CB3A2B69B9C7009B2F6B;
			productRefGroup = EAE5CB442B69B9C7009B2F6B /* Products */;
			projectDirPath = "";
			projectRoot = "";
			targets = (
				EAE5CB422B69B9C7009B2F6B /* NoteTaker tdd3 */,
				EAE5CB522B69B9C8009B2F6B /* NoteTaker tdd3Tests */,
				EAE5CB5C2B69B9C8009B2F6B /* NoteTaker tdd3UITests */,
			);
		};
/* End PBXProject section */

/* Begin PBXResourcesBuildPhase section */
		EAE5CB412B69B9C7009B2F6B /* Resources */ = {
			isa = PBXResourcesBuildPhase;
			buildActionMask = 2147483647;
			files = (
				EAE5CB4E2B69B9C8009B2F6B /* Preview Assets.xcassets in Resources */,
				EAE5CB4B2B69B9C8009B2F6B /* Assets.xcassets in Resources */,
			);
			runOnlyForDeploymentPostprocessing = 0;
		};
		EAE5CB512B69B9C8009B2F6B /* Resources */ = {
			isa = PBXResourcesBuildPhase;
			buildActionMask = 2147483647;
			files = (
			);
			runOnlyForDeploymentPostprocessing = 0;
		};
		EAE5CB5B2B69B9C8009B2F6B /* Resources */ = {
			isa = PBXResourcesBuildPhase;
			buildActionMask = 2147483647;
			files = (
			);
			runOnlyForDeploymentPostprocessing = 0;
		};
/* End PBXResourcesBuildPhase section */

/* Begin PBXSourcesBuildPhase section */
		EAE5CB3F2B69B9C7009B2F6B /* Sources */ = {
			isa = PBXSourcesBuildPhase;
			buildActionMask = 2147483647;
			files = (
				EAE5CB492B69B9C7009B2F6B /* ContentView.swift in Sources */,
				EAE5CB472B69B9C7009B2F6B /* NoteTaker_tdd3App.swift in Sources */,
			);
			runOnlyForDeploymentPostprocessing = 0;
		};
		EAE5CB4F2B69B9C8009B2F6B /* Sources */ = {
			isa = PBXSourcesBuildPhase;
			buildActionMask = 2147483647;
			files = (
				EAE5CB582B69B9C8009B2F6B /* NoteTaker_tdd3Tests.swift in Sources */,
			);
			runOnlyForDeploymentPostprocessing = 0;
		};
		EAE5CB592B69B9C8009B2F6B /* Sources */ = {
			isa = PBXSourcesBuildPhase;
			buildActionMask = 2147483647;
			files = (
				EAE5CB622B69B9C8009B2F6B /* NoteTaker_tdd3UITests.swift in Sources */,
				EAE5CB642B69B9C8009B2F6B /* NoteTaker_tdd3UITestsLaunchTests.swift in Sources */,
			);
			runOnlyForDeploymentPostprocessing = 0;
		};
/* End PBXSourcesBuildPhase section */

/* Begin PBXTargetDependency section */
		EAE5CB552B69B9C8009B2F6B /* PBXTargetDependency */ = {
			isa = PBXTargetDependency;
			target = EAE5CB422B69B9C7009B2F6B /* NoteTaker tdd3 */;
			targetProxy = EAE5CB542B69B9C8009B2F6B /* PBXContainerItemProxy */;
		};
		EAE5CB5F2B69B9C8009B2F6B /* PBXTargetDependency */ = {
			isa = PBXTargetDependency;
			target = EAE5CB422B69B9C7009B2F6B /* NoteTaker tdd3 */;
			targetProxy = EAE5CB5E2B69B9C8009B2F6B /* PBXContainerItemProxy */;
		};
/* End PBXTargetDependency section */

/* Begin XCBuildConfiguration section */
		EAE5CB652B69B9C8009B2F6B /* Debug */ = {
			isa = XCBuildConfiguration;
			buildSettings = {
				ALWAYS_SEARCH_USER_PATHS = NO;
				ASSETCATALOG_COMPILER_GENERATE_SWIFT_ASSET_SYMBOL_EXTENSIONS = YES;
				CLANG_ANALYZER_NONNULL = YES;
				CLANG_ANALYZER_NUMBER_OBJECT_CONVERSION = YES_AGGRESSIVE;
				CLANG_CXX_LANGUAGE_STANDARD = "gnu++20";
				CLANG_ENABLE_MODULES = YES;
				CLANG_ENABLE_OBJC_ARC = YES;
				CLANG_ENABLE_OBJC_WEAK = YES;
				CLANG_WARN_BLOCK_CAPTURE_AUTORELEASING = YES;
				CLANG_WARN_BOOL_CONVERSION = YES;
				CLANG_WARN_COMMA = YES;
				CLANG_WARN_CONSTANT_CONVERSION = YES;
				CLANG_WARN_DEPRECATED_OBJC_IMPLEMENTATIONS = YES;
				CLANG_WARN_DIRECT_OBJC_ISA_USAGE = YES_ERROR;
				CLANG_WARN_DOCUMENTATION_COMMENTS = YES;
				CLANG_WARN_EMPTY_BODY = YES;
				CLANG_WARN_ENUM_CONVERSION = YES;
				CLANG_WARN_INFINITE_RECURSION = YES;
				CLANG_WARN_INT_CONVERSION = YES;
				CLANG_WARN_NON_LITERAL_NULL_CONVERSION = YES;
				CLANG_WARN_OBJC_IMPLICIT_RETAIN_SELF = YES;
				CLANG_WARN_OBJC_LITERAL_CONVERSION = YES;
				CLANG_WARN_OBJC_ROOT_CLASS = YES_ERROR;
				CLANG_WARN_QUOTED_INCLUDE_IN_FRAMEWORK_HEADER = YES;
				CLANG_WARN_RANGE_LOOP_ANALYSIS = YES;
				CLANG_WARN_STRICT_PROTOTYPES = YES;
				CLANG_WARN_SUSPICIOUS_MOVE = YES;
				CLANG_WARN_UNGUARDED_AVAILABILITY = YES_AGGRESSIVE;
				CLANG_WARN_UNREACHABLE_CODE = YES;
				CLANG_WARN__DUPLICATE_METHOD_MATCH = YES;
				COPY_PHASE_STRIP = NO;
				DEBUG_INFORMATION_FORMAT = dwarf;
				ENABLE_STRICT_OBJC_MSGSEND = YES;
				ENABLE_TESTABILITY = YES;
				ENABLE_USER_SCRIPT_SANDBOXING = YES;
				GCC_C_LANGUAGE_STANDARD = gnu17;
				GCC_DYNAMIC_NO_PIC = NO;
				GCC_NO_COMMON_BLOCKS = YES;
				GCC_OPTIMIZATION_LEVEL = 0;
				GCC_PREPROCESSOR_DEFINITIONS = (
					"DEBUG=1",
					"$(inherited)",
				);
				GCC_WARN_64_TO_32_BIT_CONVERSION = YES;
				GCC_WARN_ABOUT_RETURN_TYPE = YES_ERROR;
				GCC_WARN_UNDECLARED_SELECTOR = YES;
				GCC_WARN_UNINITIALIZED_AUTOS = YES_AGGRESSIVE;
				GCC_WARN_UNUSED_FUNCTION = YES;
				GCC_WARN_UNUSED_VARIABLE = YES;
				IPHONEOS_DEPLOYMENT_TARGET = 17.0;
				LOCALIZATION_PREFERS_STRING_CATALOGS = YES;
				MTL_ENABLE_DEBUG_INFO = INCLUDE_SOURCE;
				MTL_FAST_MATH = YES;
				ONLY_ACTIVE_ARCH = YES;
				SDKROOT = iphoneos;
				SWIFT_ACTIVE_COMPILATION_CONDITIONS = "DEBUG $(inherited)";
				SWIFT_OPTIMIZATION_LEVEL = "-Onone";
			};
			name = Debug;
		};
		EAE5CB662B69B9C8009B2F6B /* Release */ = {
			isa = XCBuildConfiguration;
			buildSettings = {
				ALWAYS_SEARCH_USER_PATHS = NO;
				ASSETCATALOG_COMPILER_GENERATE_SWIFT_ASSET_SYMBOL_EXTENSIONS = YES;
				CLANG_ANALYZER_NONNULL = YES;
				CLANG_ANALYZER_NUMBER_OBJECT_CONVERSION = YES_AGGRESSIVE;
				CLANG_CXX_LANGUAGE_STANDARD = "gnu++20";
				CLANG_ENABLE_MODULES = YES;
				CLANG_ENABLE_OBJC_ARC = YES;
				CLANG_ENABLE_OBJC_WEAK = YES;
				CLANG_WARN_BLOCK_CAPTURE_AUTORELEASING = YES;
				CLANG_WARN_BOOL_CONVERSION = YES;
				CLANG_WARN_COMMA = YES;
				CLANG_WARN_CONSTANT_CONVERSION = YES;
				CLANG_WARN_DEPRECATED_OBJC_IMPLEMENTATIONS = YES;
				CLANG_WARN_DIRECT_OBJC_ISA_USAGE = YES_ERROR;
				CLANG_WARN_DOCUMENTATION_COMMENTS = YES;
				CLANG_WARN_EMPTY_BODY = YES;
				CLANG_WARN_ENUM_CONVERSION = YES;
				CLANG_WARN_INFINITE_RECURSION = YES;
				CLANG_WARN_INT_CONVERSION = YES;
				CLANG_WARN_NON_LITERAL_NULL_CONVERSION = YES;
				CLANG_WARN_OBJC_IMPLICIT_RETAIN_SELF = YES;
				CLANG_WARN_OBJC_LITERAL_CONVERSION = YES;
				CLANG_WARN_OBJC_ROOT_CLASS = YES_ERROR;
				CLANG_WARN_QUOTED_INCLUDE_IN_FRAMEWORK_HEADER = YES;
				CLANG_WARN_RANGE_LOOP_ANALYSIS = YES;
				CLANG_WARN_STRICT_PROTOTYPES = YES;
				CLANG_WARN_SUSPICIOUS_MOVE = YES;
				CLANG_WARN_UNGUARDED_AVAILABILITY = YES_AGGRESSIVE;
				CLANG_WARN_UNREACHABLE_CODE = YES;
				CLANG_WARN__DUPLICATE_METHOD_MATCH = YES;
				COPY_PHASE_STRIP = NO;
				DEBUG_INFORMATION_FORMAT = "dwarf-with-dsym";
				ENABLE_NS_ASSERTIONS = NO;
				ENABLE_STRICT_OBJC_MSGSEND = YES;
				ENABLE_USER_SCRIPT_SANDBOXING = YES;
				GCC_C_LANGUAGE_STANDARD = gnu17;
				GCC_NO_COMMON_BLOCKS = YES;
				GCC_WARN_64_TO_32_BIT_CONVERSION = YES;
				GCC_WARN_ABOUT_RETURN_TYPE = YES_ERROR;
				GCC_WARN_UNDECLARED_SELECTOR = YES;
				GCC_WARN_UNINITIALIZED_AUTOS = YES_AGGRESSIVE;
				GCC_WARN_UNUSED_FUNCTION = YES;
				GCC_WARN_UNUSED_VARIABLE = YES;
				IPHONEOS_DEPLOYMENT_TARGET = 17.0;
				LOCALIZATION_PREFERS_STRING_CATALOGS = YES;
				MTL_ENABLE_DEBUG_INFO = NO;
				MTL_FAST_MATH = YES;
				SDKROOT = iphoneos;
				SWIFT_COMPILATION_MODE = wholemodule;
				VALIDATE_PRODUCT = YES;
			};
			name = Release;
		};
		EAE5CB682B69B9C8009B2F6B /* Debug */ = {
			isa = XCBuildConfiguration;
			buildSettings = {
				ASSETCATALOG_COMPILER_APPICON_NAME = AppIcon;
				ASSETCATALOG_COMPILER_GLOBAL_ACCENT_COLOR_NAME = AccentColor;
				CODE_SIGN_STYLE = Automatic;
				CURRENT_PROJECT_VERSION = 1;
				DEVELOPMENT_ASSET_PATHS = "\"NoteTaker tdd3/Preview Content\"";
				DEVELOPMENT_TEAM = 49SY96BT5A;
				ENABLE_PREVIEWS = YES;
				GENERATE_INFOPLIST_FILE = YES;
				INFOPLIST_KEY_UIApplicationSceneManifest_Generation = YES;
				INFOPLIST_KEY_UIApplicationSupportsIndirectInputEvents = YES;
				INFOPLIST_KEY_UILaunchScreen_Generation = YES;
				INFOPLIST_KEY_UISupportedInterfaceOrientations_iPad = "UIInterfaceOrientationPortrait UIInterfaceOrientationPortraitUpsideDown UIInterfaceOrientationLandscapeLeft UIInterfaceOrientationLandscapeRight";
				INFOPLIST_KEY_UISupportedInterfaceOrientations_iPhone = "UIInterfaceOrientationPortrait UIInterfaceOrientationLandscapeLeft UIInterfaceOrientationLandscapeRight";
				LD_RUNPATH_SEARCH_PATHS = (
					"$(inherited)",
					"@executable_path/Frameworks",
				);
				MARKETING_VERSION = 1.0;
				PRODUCT_BUNDLE_IDENTIFIER = "ee.NoteTaker-tdd3";
				PRODUCT_NAME = "$(TARGET_NAME)";
				SWIFT_EMIT_LOC_STRINGS = YES;
				SWIFT_VERSION = 5.0;
				TARGETED_DEVICE_FAMILY = "1,2";
			};
			name = Debug;
		};
		EAE5CB692B69B9C8009B2F6B /* Release */ = {
			isa = XCBuildConfiguration;
			buildSettings = {
				ASSETCATALOG_COMPILER_APPICON_NAME = AppIcon;
				ASSETCATALOG_COMPILER_GLOBAL_ACCENT_COLOR_NAME = AccentColor;
				CODE_SIGN_STYLE = Automatic;
				CURRENT_PROJECT_VERSION = 1;
				DEVELOPMENT_ASSET_PATHS = "\"NoteTaker tdd3/Preview Content\"";
				DEVELOPMENT_TEAM = 49SY96BT5A;
				ENABLE_PREVIEWS = YES;
				GENERATE_INFOPLIST_FILE = YES;
				INFOPLIST_KEY_UIApplicationSceneManifest_Generation = YES;
				INFOPLIST_KEY_UIApplicationSupportsIndirectInputEvents = YES;
				INFOPLIST_KEY_UILaunchScreen_Generation = YES;
				INFOPLIST_KEY_UISupportedInterfaceOrientations_iPad = "UIInterfaceOrientationPortrait UIInterfaceOrientationPortraitUpsideDown UIInterfaceOrientationLandscapeLeft UIInterfaceOrientationLandscapeRight";
				INFOPLIST_KEY_UISupportedInterfaceOrientations_iPhone = "UIInterfaceOrientationPortrait UIInterfaceOrientationLandscapeLeft UIInterfaceOrientationLandscapeRight";
				LD_RUNPATH_SEARCH_PATHS = (
					"$(inherited)",
					"@executable_path/Frameworks",
				);
				MARKETING_VERSION = 1.0;
				PRODUCT_BUNDLE_IDENTIFIER = "ee.NoteTaker-tdd3";
				PRODUCT_NAME = "$(TARGET_NAME)";
				SWIFT_EMIT_LOC_STRINGS = YES;
				SWIFT_VERSION = 5.0;
				TARGETED_DEVICE_FAMILY = "1,2";
			};
			name = Release;
		};
		EAE5CB6B2B69B9C8009B2F6B /* Debug */ = {
			isa = XCBuildConfiguration;
			buildSettings = {
				ALWAYS_EMBED_SWIFT_STANDARD_LIBRARIES = YES;
				BUNDLE_LOADER = "$(TEST_HOST)";
				CODE_SIGN_STYLE = Automatic;
				CURRENT_PROJECT_VERSION = 1;
				DEVELOPMENT_TEAM = 49SY96BT5A;
				GENERATE_INFOPLIST_FILE = YES;
				IPHONEOS_DEPLOYMENT_TARGET = 17.0;
				MARKETING_VERSION = 1.0;
				PRODUCT_BUNDLE_IDENTIFIER = "ee.NoteTaker-tdd3Tests";
				PRODUCT_NAME = "$(TARGET_NAME)";
				SWIFT_EMIT_LOC_STRINGS = NO;
				SWIFT_VERSION = 5.0;
				TARGETED_DEVICE_FAMILY = "1,2";
				TEST_HOST = "$(BUILT_PRODUCTS_DIR)/NoteTaker tdd3.app/$(BUNDLE_EXECUTABLE_FOLDER_PATH)/NoteTaker tdd3";
			};
			name = Debug;
		};
		EAE5CB6C2B69B9C8009B2F6B /* Release */ = {
			isa = XCBuildConfiguration;
			buildSettings = {
				ALWAYS_EMBED_SWIFT_STANDARD_LIBRARIES = YES;
				BUNDLE_LOADER = "$(TEST_HOST)";
				CODE_SIGN_STYLE = Automatic;
				CURRENT_PROJECT_VERSION = 1;
				DEVELOPMENT_TEAM = 49SY96BT5A;
				GENERATE_INFOPLIST_FILE = YES;
				IPHONEOS_DEPLOYMENT_TARGET = 17.0;
				MARKETING_VERSION = 1.0;
				PRODUCT_BUNDLE_IDENTIFIER = "ee.NoteTaker-tdd3Tests";
				PRODUCT_NAME = "$(TARGET_NAME)";
				SWIFT_EMIT_LOC_STRINGS = NO;
				SWIFT_VERSION = 5.0;
				TARGETED_DEVICE_FAMILY = "1,2";
				TEST_HOST = "$(BUILT_PRODUCTS_DIR)/NoteTaker tdd3.app/$(BUNDLE_EXECUTABLE_FOLDER_PATH)/NoteTaker tdd3";
			};
			name = Release;
		};
		EAE5CB6E2B69B9C8009B2F6B /* Debug */ = {
			isa = XCBuildConfiguration;
			buildSettings = {
				ALWAYS_EMBED_SWIFT_STANDARD_LIBRARIES = YES;
				CODE_SIGN_STYLE = Automatic;
				CURRENT_PROJECT_VERSION = 1;
				DEVELOPMENT_TEAM = 49SY96BT5A;
				GENERATE_INFOPLIST_FILE = YES;
				MARKETING_VERSION = 1.0;
				PRODUCT_BUNDLE_IDENTIFIER = "ee.NoteTaker-tdd3UITests";
				PRODUCT_NAME = "$(TARGET_NAME)";
				SWIFT_EMIT_LOC_STRINGS = NO;
				SWIFT_VERSION = 5.0;
				TARGETED_DEVICE_FAMILY = "1,2";
				TEST_TARGET_NAME = "NoteTaker tdd3";
			};
			name = Debug;
		};
		EAE5CB6F2B69B9C8009B2F6B /* Release */ = {
			isa = XCBuildConfiguration;
			buildSettings = {
				ALWAYS_EMBED_SWIFT_STANDARD_LIBRARIES = YES;
				CODE_SIGN_STYLE = Automatic;
				CURRENT_PROJECT_VERSION = 1;
				DEVELOPMENT_TEAM = 49SY96BT5A;
				GENERATE_INFOPLIST_FILE = YES;
				MARKETING_VERSION = 1.0;
				PRODUCT_BUNDLE_IDENTIFIER = "ee.NoteTaker-tdd3UITests";
				PRODUCT_NAME = "$(TARGET_NAME)";
				SWIFT_EMIT_LOC_STRINGS = NO;
				SWIFT_VERSION = 5.0;
				TARGETED_DEVICE_FAMILY = "1,2";
				TEST_TARGET_NAME = "NoteTaker tdd3";
			};
			name = Release;
		};
/* End XCBuildConfiguration section */

/* Begin XCConfigurationList section */
		EAE5CB3E2B69B9C7009B2F6B /* Build configuration list for PBXProject "NoteTaker tdd3" */ = {
			isa = XCConfigurationList;
			buildConfigurations = (
				EAE5CB652B69B9C8009B2F6B /* Debug */,
				EAE5CB662B69B9C8009B2F6B /* Release */,
			);
			defaultConfigurationIsVisible = 0;
			defaultConfigurationName = Release;
		};
		EAE5CB672B69B9C8009B2F6B /* Build configuration list for PBXNativeTarget "NoteTaker tdd3" */ = {
			isa = XCConfigurationList;
			buildConfigurations = (
				EAE5CB682B69B9C8009B2F6B /* Debug */,
				EAE5CB692B69B9C8009B2F6B /* Release */,
			);
			defaultConfigurationIsVisible = 0;
			defaultConfigurationName = Release;
		};
		EAE5CB6A2B69B9C8009B2F6B /* Build configuration list for PBXNativeTarget "NoteTaker tdd3Tests" */ = {
			isa = XCConfigurationList;
			buildConfigurations = (
				EAE5CB6B2B69B9C8009B2F6B /* Debug */,
				EAE5CB6C2B69B9C8009B2F6B /* Release */,
			);
			defaultConfigurationIsVisible = 0;
			defaultConfigurationName = Release;
		};
		EAE5CB6D2B69B9C8009B2F6B /* Build configuration list for PBXNativeTarget "NoteTaker tdd3UITests" */ = {
			isa = XCConfigurationList;
			buildConfigurations = (
				EAE5CB6E2B69B9C8009B2F6B /* Debug */,
				EAE5CB6F2B69B9C8009B2F6B /* Release */,
			);
			defaultConfigurationIsVisible = 0;
			defaultConfigurationName = Release;
		};
/* End XCConfigurationList section */
	};
	rootObject = EAE5CB3B2B69B9C7009B2F6B /* Project object */;
}
